
Microsoft Visual Studio Solution File, Format Version 12.00
# Visual Studio Version 17
VisualStudioVersion = 17.0.31808.319
MinimumVisualStudioVersion = 10.0.40219.1
Project("{FAE04EC0-301F-11D3-BF4B-00C04F79EFBC}") = "5_HowToHandleInternalDependencies", "5_HowToHandleInternalDependencies\5_HowToHandleInternalDependencies.csproj", "{B10D2BD4-52B9-40AD-A5ED-E73D252DCC2C}"
EndProject
Project("{FAE04EC0-301F-11D3-BF4B-00C04F79EFBC}") = "Logic", "Logic\Logic.csproj", "{4C691209-EB74-4422-9E5B-F4C3D734B022}"
EndProject
Project("{FAE04EC0-301F-11D3-BF4B-00C04F79EFBC}") = "UseMoq", "UseMoq\UseMoq.csproj", "{0943E257-38AE-400A-AA27-8C979BDFC7E9}"
EndProject
Project("{FAE04EC0-301F-11D3-BF4B-00C04F79EFBC}") = "UseNSubstitute", "UseNSubstitute\UseNSubstitute.csproj", "{1EA1DF28-7910-4402-A734-A02C8DAF29B8}"
EndProject
Project("{FAE04EC0-301F-11D3-BF4B-00C04F79EFBC}") = "UseFakeItEasy", "UseFakeItEasy\UseFakeItEasy.csproj", "{4F6E0E9F-7235-440D-8CE3-55B3C4281F1B}"
EndProject
Global
	GlobalSection(SolutionConfigurationPlatforms) = preSolution
		Debug|Any CPU = Debug|Any CPU
		Release|Any CPU = Release|Any CPU
	EndGlobalSection
	GlobalSection(ProjectConfigurationPlatforms) = postSolution
		{B10D2BD4-52B9-40AD-A5ED-E73D252DCC2C}.Debug|Any CPU.ActiveCfg = Debug|Any CPU
		{B10D2BD4-52B9-40AD-A5ED-E73D252DCC2C}.Debug|Any CPU.Build.0 = Debug|Any CPU
		{B10D2BD4-52B9-40AD-A5ED-E73D252DCC2C}.Release|Any CPU.ActiveCfg = Release|Any CPU
		{B10D2BD4-52B9-40AD-A5ED-E73D252DCC2C}.Release|Any CPU.Build.0 = Release|Any CPU
		{4C691209-EB74-4422-9E5B-F4C3D734B022}.Debug|Any CPU.ActiveCfg = Debug|Any CPU
		{4C691209-EB74-4422-9E5B-F4C3D734B022}.Debug|Any CPU.Build.0 = Debug|Any CPU
		{4C691209-EB74-4422-9E5B-F4C3D734B022}.Release|Any CPU.ActiveCfg = Release|Any CPU
		{4C691209-EB74-4422-9E5B-F4C3D734B022}.Release|Any CPU.Build.0 = Release|Any CPU
		{0943E257-38AE-400A-AA27-8C979BDFC7E9}.Debug|Any CPU.ActiveCfg = Debug|Any CPU
		{0943E257-38AE-400A-AA27-8C979BDFC7E9}.Debug|Any CPU.Build.0 = Debug|Any CPU
		{0943E257-38AE-400A-AA27-8C979BDFC7E9}.Release|Any CPU.ActiveCfg = Release|Any CPU
		{0943E257-38AE-400A-AA27-8C979BDFC7E9}.Release|Any CPU.Build.0 = Release|Any CPU
		{1EA1DF28-7910-4402-A734-A02C8DAF29B8}.Debug|Any CPU.ActiveCfg = Debug|Any CPU
		{1EA1DF28-7910-4402-A734-A02C8DAF29B8}.Debug|Any CPU.Build.0 = Debug|Any CPU
		{1EA1DF28-7910-4402-A734-A02C8DAF29B8}.Release|Any CPU.ActiveCfg = Release|Any CPU
		{1EA1DF28-7910-4402-A734-A02C8DAF29B8}.Release|Any CPU.Build.0 = Release|Any CPU
		{4F6E0E9F-7235-440D-8CE3-55B3C4281F1B}.Debug|Any CPU.ActiveCfg = Debug|Any CPU
		{4F6E0E9F-7235-440D-8CE3-55B3C4281F1B}.Debug|Any CPU.Build.0 = Debug|Any CPU
		{4F6E0E9F-7235-440D-8CE3-55B3C4281F1B}.Release|Any CPU.ActiveCfg = Release|Any CPU
		{4F6E0E9F-7235-440D-8CE3-55B3C4281F1B}.Release|Any CPU.Build.0 = Release|Any CPU
	EndGlobalSection
	GlobalSection(SolutionProperties) = preSolution
		HideSolutionNode = FALSE
	EndGlobalSection
	GlobalSection(ExtensibilityGlobals) = postSolution
		SolutionGuid = {1A855133-E01D-4E6E-BD9C-7F8F4DC53B02}
	EndGlobalSection
EndGlobal
