
Microsoft Visual Studio Solution File, Format Version 12.00
# Visual Studio Version 17
VisualStudioVersion = 17.0.31808.319
MinimumVisualStudioVersion = 10.0.40219.1
Project("{9A19103F-16F7-4668-BE54-9A1E7A4F7556}") = "UseKestrel", "UseKestrel\UseKestrel.csproj", "{D6281D81-2AB8-4C36-AECC-D8A0DFDB22C6}"
EndProject
Project("{FAE04EC0-301F-11D3-BF4B-00C04F79EFBC}") = "7_RunWebAppLocaly", "7_RunWebAppLocaly\7_RunWebAppLocaly.csproj", "{8501FDBC-C917-4637-BBFB-D9FD00F7A9D3}"
EndProject
Global
	GlobalSection(SolutionConfigurationPlatforms) = preSolution
		Debug|Any CPU = Debug|Any CPU
		Release|Any CPU = Release|Any CPU
	EndGlobalSection
	GlobalSection(ProjectConfigurationPlatforms) = postSolution
		{D6281D81-2AB8-4C36-AECC-D8A0DFDB22C6}.Debug|Any CPU.ActiveCfg = Debug|Any CPU
		{D6281D81-2AB8-4C36-AECC-D8A0DFDB22C6}.Debug|Any CPU.Build.0 = Debug|Any CPU
		{D6281D81-2AB8-4C36-AECC-D8A0DFDB22C6}.Release|Any CPU.ActiveCfg = Release|Any CPU
		{D6281D81-2AB8-4C36-AECC-D8A0DFDB22C6}.Release|Any CPU.Build.0 = Release|Any CPU
		{8501FDBC-C917-4637-BBFB-D9FD00F7A9D3}.Debug|Any CPU.ActiveCfg = Debug|Any CPU
		{8501FDBC-C917-4637-BBFB-D9FD00F7A9D3}.Debug|Any CPU.Build.0 = Debug|Any CPU
		{8501FDBC-C917-4637-BBFB-D9FD00F7A9D3}.Release|Any CPU.ActiveCfg = Release|Any CPU
		{8501FDBC-C917-4637-BBFB-D9FD00F7A9D3}.Release|Any CPU.Build.0 = Release|Any CPU
	EndGlobalSection
	GlobalSection(SolutionProperties) = preSolution
		HideSolutionNode = FALSE
	EndGlobalSection
	GlobalSection(ExtensibilityGlobals) = postSolution
		SolutionGuid = {256D965C-1014-4550-B18E-16D5B4FB3CCF}
	EndGlobalSection
EndGlobal
